
Microsoft Visual Studio Solution File, Format Version 12.00
# Visual Studio Version 17
VisualStudioVersion = 17.0.31903.59
MinimumVisualStudioVersion = 10.0.40219.1
Project("{FAE04EC0-301F-11D3-BF4B-00C04F79EFBC}") = "geico-test-kkitts", "geico-test-kkitts.csproj", "{64CA92A8-851B-4F01-A670-D4E3D02F289E}"
EndProject
Global
	GlobalSection(SolutionConfigurationPlatforms) = preSolution
		Debug|Any CPU = Debug|Any CPU
		Release|Any CPU = Release|Any CPU
	EndGlobalSection
	GlobalSection(SolutionProperties) = preSolution
		HideSolutionNode = FALSE
	EndGlobalSection
	GlobalSection(ProjectConfigurationPlatforms) = postSolution
		{64CA92A8-851B-4F01-A670-D4E3D02F289E}.Debug|Any CPU.ActiveCfg = Debug|Any CPU
		{64CA92A8-851B-4F01-A670-D4E3D02F289E}.Debug|Any CPU.Build.0 = Debug|Any CPU
		{64CA92A8-851B-4F01-A670-D4E3D02F289E}.Release|Any CPU.ActiveCfg = Release|Any CPU
		{64CA92A8-851B-4F01-A670-D4E3D02F289E}.Release|Any CPU.Build.0 = Release|Any CPU
	EndGlobalSection
EndGlobal
